
Microsoft Visual Studio Solution File, Format Version 12.00
# Visual Studio 15
VisualStudioVersion = 15.0.27703.2035
MinimumVisualStudioVersion = 10.0.40219.1
Project("{FAE04EC0-301F-11D3-BF4B-00C04F79EFBC}") = "TodoApp", "TodoApp\TodoApp.csproj", "{CA0D3659-2C83-4414-A66D-42848A83153B}"
EndProject
Global
	GlobalSection(SolutionConfigurationPlatforms) = preSolution
		Debug|Any CPU = Debug|Any CPU
		Release|Any CPU = Release|Any CPU
	EndGlobalSection
	GlobalSection(ProjectConfigurationPlatforms) = postSolution
		{CA0D3659-2C83-4414-A66D-42848A83153B}.Debug|Any CPU.ActiveCfg = Debug|Any CPU
		{CA0D3659-2C83-4414-A66D-42848A83153B}.Debug|Any CPU.Build.0 = Debug|Any CPU
		{CA0D3659-2C83-4414-A66D-42848A83153B}.Release|Any CPU.ActiveCfg = Release|Any CPU
		{CA0D3659-2C83-4414-A66D-42848A83153B}.Release|Any CPU.Build.0 = Release|Any CPU
	EndGlobalSection
	GlobalSection(SolutionProperties) = preSolution
		HideSolutionNode = FALSE
	EndGlobalSection
	GlobalSection(ExtensibilityGlobals) = postSolution
		SolutionGuid = {85A46B9D-75CD-4963-A2A0-2186045F3BB2}
	EndGlobalSection
EndGlobal
